
Microsoft Visual Studio Solution File, Format Version 12.00
# Visual Studio Version 16
VisualStudioVersion = 16.0.29905.134
MinimumVisualStudioVersion = 10.0.40219.1
Project("{9A19103F-16F7-4668-BE54-9A1E7A4F7556}") = "Introduction", "Introduction.csproj", "{C6EBC13F-A7A1-4F71-B5BF-CD4E44F7A9BD}"
EndProject
Project("{9A19103F-16F7-4668-BE54-9A1E7A4F7556}") = "Features", "..\Features\Features.csproj", "{EF07B904-30AB-42C6-9907-9E394E6522DD}"
EndProject
Project("{9A19103F-16F7-4668-BE54-9A1E7A4F7556}") = "Queries", "..\Queries\Queries.csproj", "{5DB61690-8B55-4E43-B280-1C97B436F2A0}"
EndProject
Project("{9A19103F-16F7-4668-BE54-9A1E7A4F7556}") = "Cars", "..\Cars\Cars.csproj", "{0E21C013-A456-4A99-B4FE-01E61EBC028E}"
EndProject
Project("{FAE04EC0-301F-11D3-BF4B-00C04F79EFBC}") = "EntityToDBUsingLinq", "..\EntityToDBUsingLinq\EntityToDBUsingLinq.csproj", "{A2FFF6D7-E0E6-4EDF-A9C1-C8D3B49BE603}"
EndProject
Global
	GlobalSection(SolutionConfigurationPlatforms) = preSolution
		Debug|Any CPU = Debug|Any CPU
		Release|Any CPU = Release|Any CPU
	EndGlobalSection
	GlobalSection(ProjectConfigurationPlatforms) = postSolution
		{C6EBC13F-A7A1-4F71-B5BF-CD4E44F7A9BD}.Debug|Any CPU.ActiveCfg = Debug|Any CPU
		{C6EBC13F-A7A1-4F71-B5BF-CD4E44F7A9BD}.Debug|Any CPU.Build.0 = Debug|Any CPU
		{C6EBC13F-A7A1-4F71-B5BF-CD4E44F7A9BD}.Release|Any CPU.ActiveCfg = Release|Any CPU
		{C6EBC13F-A7A1-4F71-B5BF-CD4E44F7A9BD}.Release|Any CPU.Build.0 = Release|Any CPU
		{EF07B904-30AB-42C6-9907-9E394E6522DD}.Debug|Any CPU.ActiveCfg = Debug|Any CPU
		{EF07B904-30AB-42C6-9907-9E394E6522DD}.Debug|Any CPU.Build.0 = Debug|Any CPU
		{EF07B904-30AB-42C6-9907-9E394E6522DD}.Release|Any CPU.ActiveCfg = Release|Any CPU
		{EF07B904-30AB-42C6-9907-9E394E6522DD}.Release|Any CPU.Build.0 = Release|Any CPU
		{5DB61690-8B55-4E43-B280-1C97B436F2A0}.Debug|Any CPU.ActiveCfg = Debug|Any CPU
		{5DB61690-8B55-4E43-B280-1C97B436F2A0}.Debug|Any CPU.Build.0 = Debug|Any CPU
		{5DB61690-8B55-4E43-B280-1C97B436F2A0}.Release|Any CPU.ActiveCfg = Release|Any CPU
		{5DB61690-8B55-4E43-B280-1C97B436F2A0}.Release|Any CPU.Build.0 = Release|Any CPU
		{0E21C013-A456-4A99-B4FE-01E61EBC028E}.Debug|Any CPU.ActiveCfg = Debug|Any CPU
		{0E21C013-A456-4A99-B4FE-01E61EBC028E}.Debug|Any CPU.Build.0 = Debug|Any CPU
		{0E21C013-A456-4A99-B4FE-01E61EBC028E}.Release|Any CPU.ActiveCfg = Release|Any CPU
		{0E21C013-A456-4A99-B4FE-01E61EBC028E}.Release|Any CPU.Build.0 = Release|Any CPU
		{A2FFF6D7-E0E6-4EDF-A9C1-C8D3B49BE603}.Debug|Any CPU.ActiveCfg = Debug|Any CPU
		{A2FFF6D7-E0E6-4EDF-A9C1-C8D3B49BE603}.Debug|Any CPU.Build.0 = Debug|Any CPU
		{A2FFF6D7-E0E6-4EDF-A9C1-C8D3B49BE603}.Release|Any CPU.ActiveCfg = Release|Any CPU
		{A2FFF6D7-E0E6-4EDF-A9C1-C8D3B49BE603}.Release|Any CPU.Build.0 = Release|Any CPU
	EndGlobalSection
	GlobalSection(SolutionProperties) = preSolution
		HideSolutionNode = FALSE
	EndGlobalSection
	GlobalSection(ExtensibilityGlobals) = postSolution
		SolutionGuid = {5327CE32-F118-46F6-85D8-0D0621E9550C}
	EndGlobalSection
EndGlobal
